
Microsoft Visual Studio Solution File, Format Version 12.00
# Visual Studio Version 17
VisualStudioVersion = 17.5.33530.505
MinimumVisualStudioVersion = 10.0.40219.1
Project("{FAE04EC0-301F-11D3-BF4B-00C04F79EFBC}") = "Final_merejeve", "Final_merejeve\Final_merejeve.csproj", "{19ED27D8-A5E3-43D6-ACD4-AEACFF83D741}"
EndProject
Global
	GlobalSection(SolutionConfigurationPlatforms) = preSolution
		Debug|Any CPU = Debug|Any CPU
		Release|Any CPU = Release|Any CPU
	EndGlobalSection
	GlobalSection(ProjectConfigurationPlatforms) = postSolution
		{19ED27D8-A5E3-43D6-ACD4-AEACFF83D741}.Debug|Any CPU.ActiveCfg = Debug|Any CPU
		{19ED27D8-A5E3-43D6-ACD4-AEACFF83D741}.Debug|Any CPU.Build.0 = Debug|Any CPU
		{19ED27D8-A5E3-43D6-ACD4-AEACFF83D741}.Release|Any CPU.ActiveCfg = Release|Any CPU
		{19ED27D8-A5E3-43D6-ACD4-AEACFF83D741}.Release|Any CPU.Build.0 = Release|Any CPU
	EndGlobalSection
	GlobalSection(SolutionProperties) = preSolution
		HideSolutionNode = FALSE
	EndGlobalSection
	GlobalSection(ExtensibilityGlobals) = postSolution
		SolutionGuid = {F38F652F-0699-41AA-9A5D-DB89EF352F8C}
	EndGlobalSection
EndGlobal
